
Microsoft Visual Studio Solution File, Format Version 12.00
# Visual Studio Version 16
VisualStudioVersion = 16.0.30621.155
MinimumVisualStudioVersion = 10.0.40219.1
Project("{FAE04EC0-301F-11D3-BF4B-00C04F79EFBC}") = "CalculadoraForms", "CalculadoraForms.csproj", "{EB2AC434-499E-4E52-B0C7-676A42406FA8}"
EndProject
Global
	GlobalSection(SolutionConfigurationPlatforms) = preSolution
		Debug|Any CPU = Debug|Any CPU
		Release|Any CPU = Release|Any CPU
	EndGlobalSection
	GlobalSection(ProjectConfigurationPlatforms) = postSolution
		{EB2AC434-499E-4E52-B0C7-676A42406FA8}.Debug|Any CPU.ActiveCfg = Debug|Any CPU
		{EB2AC434-499E-4E52-B0C7-676A42406FA8}.Debug|Any CPU.Build.0 = Debug|Any CPU
		{EB2AC434-499E-4E52-B0C7-676A42406FA8}.Release|Any CPU.ActiveCfg = Release|Any CPU
		{EB2AC434-499E-4E52-B0C7-676A42406FA8}.Release|Any CPU.Build.0 = Release|Any CPU
	EndGlobalSection
	GlobalSection(SolutionProperties) = preSolution
		HideSolutionNode = FALSE
	EndGlobalSection
	GlobalSection(ExtensibilityGlobals) = postSolution
		SolutionGuid = {1FF4B2D3-7865-4377-AFB4-E0AEB01B1759}
	EndGlobalSection
EndGlobal
