
Microsoft Visual Studio Solution File, Format Version 12.00
# Visual Studio Version 16
VisualStudioVersion = 16.0.30621.155
MinimumVisualStudioVersion = 10.0.40219.1
Project("{FAE04EC0-301F-11D3-BF4B-00C04F79EFBC}") = "Jogo do Galo 2.0", "Jogo do Galo 2.0.csproj", "{81CC6546-2ECE-4BD7-8A7E-2DC1B117B890}"
EndProject
Global
	GlobalSection(SolutionConfigurationPlatforms) = preSolution
		Debug|Any CPU = Debug|Any CPU
		Release|Any CPU = Release|Any CPU
	EndGlobalSection
	GlobalSection(ProjectConfigurationPlatforms) = postSolution
		{81CC6546-2ECE-4BD7-8A7E-2DC1B117B890}.Debug|Any CPU.ActiveCfg = Debug|Any CPU
		{81CC6546-2ECE-4BD7-8A7E-2DC1B117B890}.Debug|Any CPU.Build.0 = Debug|Any CPU
		{81CC6546-2ECE-4BD7-8A7E-2DC1B117B890}.Release|Any CPU.ActiveCfg = Release|Any CPU
		{81CC6546-2ECE-4BD7-8A7E-2DC1B117B890}.Release|Any CPU.Build.0 = Release|Any CPU
	EndGlobalSection
	GlobalSection(SolutionProperties) = preSolution
		HideSolutionNode = FALSE
	EndGlobalSection
	GlobalSection(ExtensibilityGlobals) = postSolution
		SolutionGuid = {0404E247-AE24-4346-9D93-CE6A9B7BA9BD}
	EndGlobalSection
EndGlobal
